
Microsoft Visual Studio Solution File, Format Version 12.00
# Visual Studio Version 16
VisualStudioVersion = 16.0.31410.357
MinimumVisualStudioVersion = 10.0.40219.1
Project("{FAE04EC0-301F-11D3-BF4B-00C04F79EFBC}") = "Program", "Program\Program.csproj", "{2EB030E1-6F17-4098-BC54-944211C8E162}"
EndProject
Global
	GlobalSection(SolutionConfigurationPlatforms) = preSolution
		Debug|Any CPU = Debug|Any CPU
		Release|Any CPU = Release|Any CPU
	EndGlobalSection
	GlobalSection(ProjectConfigurationPlatforms) = postSolution
		{2EB030E1-6F17-4098-BC54-944211C8E162}.Debug|Any CPU.ActiveCfg = Debug|Any CPU
		{2EB030E1-6F17-4098-BC54-944211C8E162}.Debug|Any CPU.Build.0 = Debug|Any CPU
		{2EB030E1-6F17-4098-BC54-944211C8E162}.Release|Any CPU.ActiveCfg = Release|Any CPU
		{2EB030E1-6F17-4098-BC54-944211C8E162}.Release|Any CPU.Build.0 = Release|Any CPU
	EndGlobalSection
	GlobalSection(SolutionProperties) = preSolution
		HideSolutionNode = FALSE
	EndGlobalSection
	GlobalSection(ExtensibilityGlobals) = postSolution
		SolutionGuid = {09C13F7B-FE2C-427E-8195-DD017F9C748F}
	EndGlobalSection
EndGlobal
